# THIS IS AN AUTOGENERATED FILE. DO NOT EDIT THIS FILE DIRECTLY.
# yarn lockfile v1


"@fortawesome/fontawesome-pro@^5.3.1":
  version "5.9.0"
  resolved "https://npm.fontawesome.com/@fortawesome/fontawesome-pro/-/fontawesome-pro-5.9.0.tgz#ee27f6c3958e1e6f07ae6d157d017b98a9fc0608"
  integrity sha512-vb7MJ0S+4FWZajv+iWKikG3QzX0oIAI+tYtlMBVwAyUmddESL/w5/2LCzbc81Vs4esGz0gr+bIem6BeMkIg+Mw==

js-cookie@^2.2.0:
  version "2.2.0"
  resolved "https://registry.yarnpkg.com/js-cookie/-/js-cookie-2.2.0.tgz#1b2c279a6eece380a12168b92485265b35b1effb"
  integrity sha1-Gywnmm7s44ChIWi5JIUmWzWx7/s=
