# THIS IS AN AUTOGENERATED FILE. DO NOT EDIT THIS FILE DIRECTLY.
# yarn lockfile v1


"@fortawesome/fontawesome-pro@^5.3.1":
  version "5.9.0"
  resolved "https://npm.fontawesome.com/@fortawesome/fontawesome-pro/-/fontawesome-pro-5.9.0.tgz#ee27f6c3958e1e6f07ae6d157d017b98a9fc0608"
  integrity sha512-vb7MJ0S+4FWZajv+iWKikG3QzX0oIAI+tYtlMBVwAyUmddESL/w5/2LCzbc81Vs4esGz0gr+bIem6BeMkIg+Mw==
